// !$*UTF8*$!
{
	archiveVersion = 1;
	classes = {
	};
	objectVersion = 60;
	objects = {

/* Begin PBXBuildFile section */
		159ED30D2C5966F600D777EB /* reality_kit_ios_GuitARApp.swift in Sources */ = {isa = PBXBuildFile; fileRef = 159ED30C2C5966F600D777EB /* reality_kit_ios_GuitARApp.swift */; };
		159ED30F2C5966F600D777EB /* ContentView.swift in Sources */ = {isa = PBXBuildFile; fileRef = 159ED30E2C5966F600D777EB /* ContentView.swift */; };
		159ED3112C5966F700D777EB /* Assets.xcassets in Resources */ = {isa = PBXBuildFile; fileRef = 159ED3102C5966F700D777EB /* Assets.xcassets */; };
		159ED3142C5966F700D777EB /* Preview Assets.xcassets in Resources */ = {isa = PBXBuildFile; fileRef = 159ED3132C5966F700D777EB /* Preview Assets.xcassets */; };
		159ED31E2C5966F700D777EB /* reality_kit_ios_GuitARTests.swift in Sources */ = {isa = PBXBuildFile; fileRef = 159ED31D2C5966F700D777EB /* reality_kit_ios_GuitARTests.swift */; };
		159ED3282C5966F800D777EB /* reality_kit_ios_GuitARUITests.swift in Sources */ = {isa = PBXBuildFile; fileRef = 159ED3272C5966F800D777EB /* reality_kit_ios_GuitARUITests.swift */; };
		159ED32A2C5966F800D777EB /* reality_kit_ios_GuitARUITestsLaunchTests.swift in Sources */ = {isa = PBXBuildFile; fileRef = 159ED3292C5966F800D777EB /* reality_kit_ios_GuitARUITestsLaunchTests.swift */; };
		15D776FA2C6004230013D552 /* Experience in Resources */ = {isa = PBXBuildFile; fileRef = 15D776F92C6004230013D552 /* Experience */; };
/* End PBXBuildFile section */

/* Begin PBXContainerItemProxy section */
		159ED31A2C5966F700D777EB /* PBXContainerItemProxy */ = {
			isa = PBXContainerItemProxy;
			containerPortal = 159ED3012C5966F600D777EB /* Project object */;
			proxyType = 1;
			remoteGlobalIDString = 159ED3082C5966F600D777EB;
			remoteInfo = "reality-kit-ios-GuitAR";
		};
		159ED3242C5966F800D777EB /* PBXContainerItemProxy */ = {
			isa = PBXContainerItemProxy;
			containerPortal = 159ED3012C5966F600D777EB /* Project object */;
			proxyType = 1;
			remoteGlobalIDString = 159ED3082C5966F600D777EB;
			remoteInfo = "reality-kit-ios-GuitAR";
		};
/* End PBXContainerItemProxy section */

/* Begin PBXFileReference section */
		159ED3092C5966F600D777EB /* reality-kit-ios-GuitAR.app */ = {isa = PBXFileReference; explicitFileType = wrapper.application; includeInIndex = 0; path = "reality-kit-ios-GuitAR.app"; sourceTree = BUILT_PRODUCTS_DIR; };
		159ED30C2C5966F600D777EB /* reality_kit_ios_GuitARApp.swift */ = {isa = PBXFileReference; lastKnownFileType = sourcecode.swift; path = reality_kit_ios_GuitARApp.swift; sourceTree = "<group>"; };
		159ED30E2C5966F600D777EB /* ContentView.swift */ = {isa = PBXFileReference; lastKnownFileType = sourcecode.swift; path = ContentView.swift; sourceTree = "<group>"; };
		159ED3102C5966F700D777EB /* Assets.xcassets */ = {isa = PBXFileReference; lastKnownFileType = folder.assetcatalog; path = Assets.xcassets; sourceTree = "<group>"; };
		159ED3132C5966F700D777EB /* Preview Assets.xcassets */ = {isa = PBXFileReference; lastKnownFileType = folder.assetcatalog; path = "Preview Assets.xcassets"; sourceTree = "<group>"; };
		159ED3192C5966F700D777EB /* reality-kit-ios-GuitARTests.xctest */ = {isa = PBXFileReference; explicitFileType = wrapper.cfbundle; includeInIndex = 0; path = "reality-kit-ios-GuitARTests.xctest"; sourceTree = BUILT_PRODUCTS_DIR; };
		159ED31D2C5966F700D777EB /* reality_kit_ios_GuitARTests.swift */ = {isa = PBXFileReference; lastKnownFileType = sourcecode.swift; path = reality_kit_ios_GuitARTests.swift; sourceTree = "<group>"; };
		159ED3232C5966F800D777EB /* reality-kit-ios-GuitARUITests.xctest */ = {isa = PBXFileReference; explicitFileType = wrapper.cfbundle; includeInIndex = 0; path = "reality-kit-ios-GuitARUITests.xctest"; sourceTree = BUILT_PRODUCTS_DIR; };
		159ED3272C5966F800D777EB /* reality_kit_ios_GuitARUITests.swift */ = {isa = PBXFileReference; lastKnownFileType = sourcecode.swift; path = reality_kit_ios_GuitARUITests.swift; sourceTree = "<group>"; };
		159ED3292C5966F800D777EB /* reality_kit_ios_GuitARUITestsLaunchTests.swift */ = {isa = PBXFileReference; lastKnownFileType = sourcecode.swift; path = reality_kit_ios_GuitARUITestsLaunchTests.swift; sourceTree = "<group>"; };
		15D776F92C6004230013D552 /* Experience */ = {isa = PBXFileReference; lastKnownFileType = wrapper; path = Experience; sourceTree = "<group>"; };
/* End PBXFileReference section */

/* Begin PBXFrameworksBuildPhase section */
		159ED3062C5966F600D777EB /* Frameworks */ = {
			isa = PBXFrameworksBuildPhase;
			buildActionMask = 2147483647;
			files = (
			);
			runOnlyForDeploymentPostprocessing = 0;
		};
		159ED3162C5966F700D777EB /* Frameworks */ = {
			isa = PBXFrameworksBuildPhase;
			buildActionMask = 2147483647;
			files = (
			);
			runOnlyForDeploymentPostprocessing = 0;
		};
		159ED3202C5966F800D777EB /* Frameworks */ = {
			isa = PBXFrameworksBuildPhase;
			buildActionMask = 2147483647;
			files = (
			);
			runOnlyForDeploymentPostprocessing = 0;
		};
/* End PBXFrameworksBuildPhase section */

/* Begin PBXGroup section */
		159ED3002C5966F600D777EB = {
			isa = PBXGroup;
			children = (
				159ED30B2C5966F600D777EB /* reality-kit-ios-GuitAR */,
				159ED31C2C5966F700D777EB /* reality-kit-ios-GuitARTests */,
				159ED3262C5966F800D777EB /* reality-kit-ios-GuitARUITests */,
				159ED30A2C5966F600D777EB /* Products */,
			);
			sourceTree = "<group>";
		};
		159ED30A2C5966F600D777EB /* Products */ = {
			isa = PBXGroup;
			children = (
				159ED3092C5966F600D777EB /* reality-kit-ios-GuitAR.app */,
				159ED3192C5966F700D777EB /* reality-kit-ios-GuitARTests.xctest */,
				159ED3232C5966F800D777EB /* reality-kit-ios-GuitARUITests.xctest */,
			);
			name = Products;
			sourceTree = "<group>";
		};
		159ED30B2C5966F600D777EB /* reality-kit-ios-GuitAR */ = {
			isa = PBXGroup;
			children = (
				15D776F92C6004230013D552 /* Experience */,
				159ED30C2C5966F600D777EB /* reality_kit_ios_GuitARApp.swift */,
				159ED30E2C5966F600D777EB /* ContentView.swift */,
				159ED3102C5966F700D777EB /* Assets.xcassets */,
				159ED3122C5966F700D777EB /* Preview Content */,
			);
			path = "reality-kit-ios-GuitAR";
			sourceTree = "<group>";
		};
		159ED3122C5966F700D777EB /* Preview Content */ = {
			isa = PBXGroup;
			children = (
				159ED3132C5966F700D777EB /* Preview Assets.xcassets */,
			);
			path = "Preview Content";
			sourceTree = "<group>";
		};
		159ED31C2C5966F700D777EB /* reality-kit-ios-GuitARTests */ = {
			isa = PBXGroup;
			children = (
				159ED31D2C5966F700D777EB /* reality_kit_ios_GuitARTests.swift */,
			);
			path = "reality-kit-ios-GuitARTests";
			sourceTree = "<group>";
		};
		159ED3262C5966F800D777EB /* reality-kit-ios-GuitARUITests */ = {
			isa = PBXGroup;
			children = (
				159ED3272C5966F800D777EB /* reality_kit_ios_GuitARUITests.swift */,
				159ED3292C5966F800D777EB /* reality_kit_ios_GuitARUITestsLaunchTests.swift */,
			);
			path = "reality-kit-ios-GuitARUITests";
			sourceTree = "<group>";
		};
/* End PBXGroup section */

/* Begin PBXNativeTarget section */
		159ED3082C5966F600D777EB /* reality-kit-ios-GuitAR */ = {
			isa = PBXNativeTarget;
			buildConfigurationList = 159ED32D2C5966F800D777EB /* Build configuration list for PBXNativeTarget "reality-kit-ios-GuitAR" */;
			buildPhases = (
				159ED3052C5966F600D777EB /* Sources */,
				159ED3062C5966F600D777EB /* Frameworks */,
				159ED3072C5966F600D777EB /* Resources */,
			);
			buildRules = (
			);
			dependencies = (
			);
			name = "reality-kit-ios-GuitAR";
			productName = "reality-kit-ios-GuitAR";
			productReference = 159ED3092C5966F600D777EB /* reality-kit-ios-GuitAR.app */;
			productType = "com.apple.product-type.application";
		};
		159ED3182C5966F700D777EB /* reality-kit-ios-GuitARTests */ = {
			isa = PBXNativeTarget;
			buildConfigurationList = 159ED3302C5966F800D777EB /* Build configuration list for PBXNativeTarget "reality-kit-ios-GuitARTests" */;
			buildPhases = (
				159ED3152C5966F700D777EB /* Sources */,
				159ED3162C5966F700D777EB /* Frameworks */,
				159ED3172C5966F700D777EB /* Resources */,
			);
			buildRules = (
			);
			dependencies = (
				159ED31B2C5966F700D777EB /* PBXTargetDependency */,
			);
			name = "reality-kit-ios-GuitARTests";
			productName = "reality-kit-ios-GuitARTests";
			productReference = 159ED3192C5966F700D777EB /* reality-kit-ios-GuitARTests.xctest */;
			productType = "com.apple.product-type.bundle.unit-test";
		};
		159ED3222C5966F800D777EB /* reality-kit-ios-GuitARUITests */ = {
			isa = PBXNativeTarget;
			buildConfigurationList = 159ED3332C5966F800D777EB /* Build configuration list for PBXNativeTarget "reality-kit-ios-GuitARUITests" */;
			buildPhases = (
				159ED31F2C5966F800D777EB /* Sources */,
				159ED3202C5966F800D777EB /* Frameworks */,
				159ED3212C5966F800D777EB /* Resources */,
			);
			buildRules = (
			);
			dependencies = (
				159ED3252C5966F800D777EB /* PBXTargetDependency */,
			);
			name = "reality-kit-ios-GuitARUITests";
			productName = "reality-kit-ios-GuitARUITests";
			productReference = 159ED3232C5966F800D777EB /* reality-kit-ios-GuitARUITests.xctest */;
			productType = "com.apple.product-type.bundle.ui-testing";
		};
/* End PBXNativeTarget section */

/* Begin PBXProject section */
		159ED3012C5966F600D777EB /* Project object */ = {
			isa = PBXProject;
			attributes = {
				BuildIndependentTargetsInParallel = 1;
				LastSwiftUpdateCheck = 1600;
				LastUpgradeCheck = 1600;
				TargetAttributes = {
					159ED3082C5966F600D777EB = {
						CreatedOnToolsVersion = 16.0;
					};
					159ED3182C5966F700D777EB = {
						CreatedOnToolsVersion = 16.0;
						TestTargetID = 159ED3082C5966F600D777EB;
					};
					159ED3222C5966F800D777EB = {
						CreatedOnToolsVersion = 16.0;
						TestTargetID = 159ED3082C5966F600D777EB;
					};
				};
			};
			buildConfigurationList = 159ED3042C5966F600D777EB /* Build configuration list for PBXProject "reality-kit-ios-GuitAR" */;
			compatibilityVersion = "Xcode 15.0";
			developmentRegion = en;
			hasScannedForEncodings = 0;
			knownRegions = (
				en,
				Base,
			);
			mainGroup = 159ED3002C5966F600D777EB;
			productRefGroup = 159ED30A2C5966F600D777EB /* Products */;
			projectDirPath = "";
			projectRoot = "";
			targets = (
				159ED3082C5966F600D777EB /* reality-kit-ios-GuitAR */,
				159ED3182C5966F700D777EB /* reality-kit-ios-GuitARTests */,
				159ED3222C5966F800D777EB /* reality-kit-ios-GuitARUITests */,
			);
		};
/* End PBXProject section */

/* Begin PBXResourcesBuildPhase section */
		159ED3072C5966F600D777EB /* Resources */ = {
			isa = PBXResourcesBuildPhase;
			buildActionMask = 2147483647;
			files = (
				159ED3142C5966F700D777EB /* Preview Assets.xcassets in Resources */,
				159ED3112C5966F700D777EB /* Assets.xcassets in Resources */,
				15D776FA2C6004230013D552 /* Experience in Resources */,
			);
			runOnlyForDeploymentPostprocessing = 0;
		};
		159ED3172C5966F700D777EB /* Resources */ = {
			isa = PBXResourcesBuildPhase;
			buildActionMask = 2147483647;
			files = (
			);
			runOnlyForDeploymentPostprocessing = 0;
		};
		159ED3212C5966F800D777EB /* Resources */ = {
			isa = PBXResourcesBuildPhase;
			buildActionMask = 2147483647;
			files = (
			);
			runOnlyForDeploymentPostprocessing = 0;
		};
/* End PBXResourcesBuildPhase section */

/* Begin PBXSourcesBuildPhase section */
		159ED3052C5966F600D777EB /* Sources */ = {
			isa = PBXSourcesBuildPhase;
			buildActionMask = 2147483647;
			files = (
				159ED30F2C5966F600D777EB /* ContentView.swift in Sources */,
				159ED30D2C5966F600D777EB /* reality_kit_ios_GuitARApp.swift in Sources */,
			);
			runOnlyForDeploymentPostprocessing = 0;
		};
		159ED3152C5966F700D777EB /* Sources */ = {
			isa = PBXSourcesBuildPhase;
			buildActionMask = 2147483647;
			files = (
				159ED31E2C5966F700D777EB /* reality_kit_ios_GuitARTests.swift in Sources */,
			);
			runOnlyForDeploymentPostprocessing = 0;
		};
		159ED31F2C5966F800D777EB /* Sources */ = {
			isa = PBXSourcesBuildPhase;
			buildActionMask = 2147483647;
			files = (
				159ED32A2C5966F800D777EB /* reality_kit_ios_GuitARUITestsLaunchTests.swift in Sources */,
				159ED3282C5966F800D777EB /* reality_kit_ios_GuitARUITests.swift in Sources */,
			);
			runOnlyForDeploymentPostprocessing = 0;
		};
/* End PBXSourcesBuildPhase section */

/* Begin PBXTargetDependency section */
		159ED31B2C5966F700D777EB /* PBXTargetDependency */ = {
			isa = PBXTargetDependency;
			target = 159ED3082C5966F600D777EB /* reality-kit-ios-GuitAR */;
			targetProxy = 159ED31A2C5966F700D777EB /* PBXContainerItemProxy */;
		};
		159ED3252C5966F800D777EB /* PBXTargetDependency */ = {
			isa = PBXTargetDependency;
			target = 159ED3082C5966F600D777EB /* reality-kit-ios-GuitAR */;
			targetProxy = 159ED3242C5966F800D777EB /* PBXContainerItemProxy */;
		};
/* End PBXTargetDependency section */

/* Begin XCBuildConfiguration section */
		159ED32B2C5966F800D777EB /* Debug */ = {
			isa = XCBuildConfiguration;
			buildSettings = {
				ALWAYS_SEARCH_USER_PATHS = NO;
				ASSETCATALOG_COMPILER_GENERATE_SWIFT_ASSET_SYMBOL_EXTENSIONS = YES;
				CLANG_ANALYZER_NONNULL = YES;
				CLANG_ANALYZER_NUMBER_OBJECT_CONVERSION = YES_AGGRESSIVE;
				CLANG_CXX_LANGUAGE_STANDARD = "gnu++20";
				CLANG_ENABLE_MODULES = YES;
				CLANG_ENABLE_OBJC_ARC = YES;
				CLANG_ENABLE_OBJC_WEAK = YES;
				CLANG_WARN_BLOCK_CAPTURE_AUTORELEASING = YES;
				CLANG_WARN_BOOL_CONVERSION = YES;
				CLANG_WARN_COMMA = YES;
				CLANG_WARN_CONSTANT_CONVERSION = YES;
				CLANG_WARN_DEPRECATED_OBJC_IMPLEMENTATIONS = YES;
				CLANG_WARN_DIRECT_OBJC_ISA_USAGE = YES_ERROR;
				CLANG_WARN_DOCUMENTATION_COMMENTS = YES;
				CLANG_WARN_EMPTY_BODY = YES;
				CLANG_WARN_ENUM_CONVERSION = YES;
				CLANG_WARN_INFINITE_RECURSION = YES;
				CLANG_WARN_INT_CONVERSION = YES;
				CLANG_WARN_NON_LITERAL_NULL_CONVERSION = YES;
				CLANG_WARN_OBJC_IMPLICIT_RETAIN_SELF = YES;
				CLANG_WARN_OBJC_LITERAL_CONVERSION = YES;
				CLANG_WARN_OBJC_ROOT_CLASS = YES_ERROR;
				CLANG_WARN_QUOTED_INCLUDE_IN_FRAMEWORK_HEADER = YES;
				CLANG_WARN_RANGE_LOOP_ANALYSIS = YES;
				CLANG_WARN_STRICT_PROTOTYPES = YES;
				CLANG_WARN_SUSPICIOUS_MOVE = YES;
				CLANG_WARN_UNGUARDED_AVAILABILITY = YES_AGGRESSIVE;
				CLANG_WARN_UNREACHABLE_CODE = YES;
				CLANG_WARN__DUPLICATE_METHOD_MATCH = YES;
				COPY_PHASE_STRIP = NO;
				DEBUG_INFORMATION_FORMAT = dwarf;
				ENABLE_STRICT_OBJC_MSGSEND = YES;
				ENABLE_TESTABILITY = YES;
				ENABLE_USER_SCRIPT_SANDBOXING = YES;
				GCC_C_LANGUAGE_STANDARD = gnu17;
				GCC_DYNAMIC_NO_PIC = NO;
				GCC_NO_COMMON_BLOCKS = YES;
				GCC_OPTIMIZATION_LEVEL = 0;
				GCC_PREPROCESSOR_DEFINITIONS = (
					"DEBUG=1",
					"$(inherited)",
				);
				GCC_WARN_64_TO_32_BIT_CONVERSION = YES;
				GCC_WARN_ABOUT_RETURN_TYPE = YES_ERROR;
				GCC_WARN_UNDECLARED_SELECTOR = YES;
				GCC_WARN_UNINITIALIZED_AUTOS = YES_AGGRESSIVE;
				GCC_WARN_UNUSED_FUNCTION = YES;
				GCC_WARN_UNUSED_VARIABLE = YES;
				IPHONEOS_DEPLOYMENT_TARGET = 18.0;
				LOCALIZATION_PREFERS_STRING_CATALOGS = YES;
				MTL_ENABLE_DEBUG_INFO = INCLUDE_SOURCE;
				MTL_FAST_MATH = YES;
				ONLY_ACTIVE_ARCH = YES;
				SDKROOT = iphoneos;
				SWIFT_ACTIVE_COMPILATION_CONDITIONS = "DEBUG $(inherited)";
				SWIFT_OPTIMIZATION_LEVEL = "-Onone";
			};
			name = Debug;
		};
		159ED32C2C5966F800D777EB /* Release */ = {
			isa = XCBuildConfiguration;
			buildSettings = {
				ALWAYS_SEARCH_USER_PATHS = NO;
				ASSETCATALOG_COMPILER_GENERATE_SWIFT_ASSET_SYMBOL_EXTENSIONS = YES;
				CLANG_ANALYZER_NONNULL = YES;
				CLANG_ANALYZER_NUMBER_OBJECT_CONVERSION = YES_AGGRESSIVE;
				CLANG_CXX_LANGUAGE_STANDARD = "gnu++20";
				CLANG_ENABLE_MODULES = YES;
				CLANG_ENABLE_OBJC_ARC = YES;
				CLANG_ENABLE_OBJC_WEAK = YES;
				CLANG_WARN_BLOCK_CAPTURE_AUTORELEASING = YES;
				CLANG_WARN_BOOL_CONVERSION = YES;
				CLANG_WARN_COMMA = YES;
				CLANG_WARN_CONSTANT_CONVERSION = YES;
				CLANG_WARN_DEPRECATED_OBJC_IMPLEMENTATIONS = YES;
				CLANG_WARN_DIRECT_OBJC_ISA_USAGE = YES_ERROR;
				CLANG_WARN_DOCUMENTATION_COMMENTS = YES;
				CLANG_WARN_EMPTY_BODY = YES;
				CLANG_WARN_ENUM_CONVERSION = YES;
				CLANG_WARN_INFINITE_RECURSION = YES;
				CLANG_WARN_INT_CONVERSION = YES;
				CLANG_WARN_NON_LITERAL_NULL_CONVERSION = YES;
				CLANG_WARN_OBJC_IMPLICIT_RETAIN_SELF = YES;
				CLANG_WARN_OBJC_LITERAL_CONVERSION = YES;
				CLANG_WARN_OBJC_ROOT_CLASS = YES_ERROR;
				CLANG_WARN_QUOTED_INCLUDE_IN_FRAMEWORK_HEADER = YES;
				CLANG_WARN_RANGE_LOOP_ANALYSIS = YES;
				CLANG_WARN_STRICT_PROTOTYPES = YES;
				CLANG_WARN_SUSPICIOUS_MOVE = YES;
				CLANG_WARN_UNGUARDED_AVAILABILITY = YES_AGGRESSIVE;
				CLANG_WARN_UNREACHABLE_CODE = YES;
				CLANG_WARN__DUPLICATE_METHOD_MATCH = YES;
				COPY_PHASE_STRIP = NO;
				DEBUG_INFORMATION_FORMAT = "dwarf-with-dsym";
				ENABLE_NS_ASSERTIONS = NO;
				ENABLE_STRICT_OBJC_MSGSEND = YES;
				ENABLE_USER_SCRIPT_SANDBOXING = YES;
				GCC_C_LANGUAGE_STANDARD = gnu17;
				GCC_NO_COMMON_BLOCKS = YES;
				GCC_WARN_64_TO_32_BIT_CONVERSION = YES;
				GCC_WARN_ABOUT_RETURN_TYPE = YES_ERROR;
				GCC_WARN_UNDECLARED_SELECTOR = YES;
				GCC_WARN_UNINITIALIZED_AUTOS = YES_AGGRESSIVE;
				GCC_WARN_UNUSED_FUNCTION = YES;
				GCC_WARN_UNUSED_VARIABLE = YES;
				IPHONEOS_DEPLOYMENT_TARGET = 18.0;
				LOCALIZATION_PREFERS_STRING_CATALOGS = YES;
				MTL_ENABLE_DEBUG_INFO = NO;
				MTL_FAST_MATH = YES;
				SDKROOT = iphoneos;
				SWIFT_COMPILATION_MODE = wholemodule;
				VALIDATE_PRODUCT = YES;
			};
			name = Release;
		};
		159ED32E2C5966F800D777EB /* Debug */ = {
			isa = XCBuildConfiguration;
			buildSettings = {
				ASSETCATALOG_COMPILER_APPICON_NAME = AppIcon;
				ASSETCATALOG_COMPILER_GLOBAL_ACCENT_COLOR_NAME = AccentColor;
				CODE_SIGN_STYLE = Automatic;
				CURRENT_PROJECT_VERSION = 1;
				DEVELOPMENT_ASSET_PATHS = "\"reality-kit-ios-GuitAR/Preview Content\"";
				ENABLE_PREVIEWS = YES;
				GENERATE_INFOPLIST_FILE = YES;
				INFOPLIST_KEY_NSCameraUsageDescription = "\"our app needs camera access for AR view\"";
				INFOPLIST_KEY_UIApplicationSceneManifest_Generation = YES;
				INFOPLIST_KEY_UIApplicationSupportsIndirectInputEvents = YES;
				INFOPLIST_KEY_UILaunchScreen_Generation = YES;
				INFOPLIST_KEY_UISupportedInterfaceOrientations_iPad = "UIInterfaceOrientationPortrait UIInterfaceOrientationPortraitUpsideDown UIInterfaceOrientationLandscapeLeft UIInterfaceOrientationLandscapeRight";
				INFOPLIST_KEY_UISupportedInterfaceOrientations_iPhone = "UIInterfaceOrientationPortrait UIInterfaceOrientationLandscapeLeft UIInterfaceOrientationLandscapeRight";
				LD_RUNPATH_SEARCH_PATHS = (
					"$(inherited)",
					"@executable_path/Frameworks",
				);
				MARKETING_VERSION = 1.0;
				PRODUCT_BUNDLE_IDENTIFIER = "com.swapnilxi.reality-kit-ios-GuitAR";
				PRODUCT_NAME = "$(TARGET_NAME)";
				SWIFT_EMIT_LOC_STRINGS = YES;
				SWIFT_VERSION = 5.0;
				TARGETED_DEVICE_FAMILY = "1,2";
			};
			name = Debug;
		};
		159ED32F2C5966F800D777EB /* Release */ = {
			isa = XCBuildConfiguration;
			buildSettings = {
				ASSETCATALOG_COMPILER_APPICON_NAME = AppIcon;
				ASSETCATALOG_COMPILER_GLOBAL_ACCENT_COLOR_NAME = AccentColor;
				CODE_SIGN_STYLE = Automatic;
				CURRENT_PROJECT_VERSION = 1;
				DEVELOPMENT_ASSET_PATHS = "\"reality-kit-ios-GuitAR/Preview Content\"";
				ENABLE_PREVIEWS = YES;
				GENERATE_INFOPLIST_FILE = YES;
				INFOPLIST_KEY_NSCameraUsageDescription = "\"our app needs camera access for AR view\"";
				INFOPLIST_KEY_UIApplicationSceneManifest_Generation = YES;
				INFOPLIST_KEY_UIApplicationSupportsIndirectInputEvents = YES;
				INFOPLIST_KEY_UILaunchScreen_Generation = YES;
				INFOPLIST_KEY_UISupportedInterfaceOrientations_iPad = "UIInterfaceOrientationPortrait UIInterfaceOrientationPortraitUpsideDown UIInterfaceOrientationLandscapeLeft UIInterfaceOrientationLandscapeRight";
				INFOPLIST_KEY_UISupportedInterfaceOrientations_iPhone = "UIInterfaceOrientationPortrait UIInterfaceOrientationLandscapeLeft UIInterfaceOrientationLandscapeRight";
				LD_RUNPATH_SEARCH_PATHS = (
					"$(inherited)",
					"@executable_path/Frameworks",
				);
				MARKETING_VERSION = 1.0;
				PRODUCT_BUNDLE_IDENTIFIER = "com.swapnilxi.reality-kit-ios-GuitAR";
				PRODUCT_NAME = "$(TARGET_NAME)";
				SWIFT_EMIT_LOC_STRINGS = YES;
				SWIFT_VERSION = 5.0;
				TARGETED_DEVICE_FAMILY = "1,2";
			};
			name = Release;
		};
		159ED3312C5966F800D777EB /* Debug */ = {
			isa = XCBuildConfiguration;
			buildSettings = {
				BUNDLE_LOADER = "$(TEST_HOST)";
				CODE_SIGN_STYLE = Automatic;
				CURRENT_PROJECT_VERSION = 1;
				GENERATE_INFOPLIST_FILE = YES;
				IPHONEOS_DEPLOYMENT_TARGET = 18.0;
				MARKETING_VERSION = 1.0;
				PRODUCT_BUNDLE_IDENTIFIER = "com.swapnilxi.reality-kit-ios-GuitARTests";
				PRODUCT_NAME = "$(TARGET_NAME)";
				SWIFT_EMIT_LOC_STRINGS = NO;
				SWIFT_VERSION = 5.0;
				TARGETED_DEVICE_FAMILY = "1,2";
				TEST_HOST = "$(BUILT_PRODUCTS_DIR)/reality-kit-ios-GuitAR.app/$(BUNDLE_EXECUTABLE_FOLDER_PATH)/reality-kit-ios-GuitAR";
			};
			name = Debug;
		};
		159ED3322C5966F800D777EB /* Release */ = {
			isa = XCBuildConfiguration;
			buildSettings = {
				BUNDLE_LOADER = "$(TEST_HOST)";
				CODE_SIGN_STYLE = Automatic;
				CURRENT_PROJECT_VERSION = 1;
				GENERATE_INFOPLIST_FILE = YES;
				IPHONEOS_DEPLOYMENT_TARGET = 18.0;
				MARKETING_VERSION = 1.0;
				PRODUCT_BUNDLE_IDENTIFIER = "com.swapnilxi.reality-kit-ios-GuitARTests";
				PRODUCT_NAME = "$(TARGET_NAME)";
				SWIFT_EMIT_LOC_STRINGS = NO;
				SWIFT_VERSION = 5.0;
				TARGETED_DEVICE_FAMILY = "1,2";
				TEST_HOST = "$(BUILT_PRODUCTS_DIR)/reality-kit-ios-GuitAR.app/$(BUNDLE_EXECUTABLE_FOLDER_PATH)/reality-kit-ios-GuitAR";
			};
			name = Release;
		};
		159ED3342C5966F800D777EB /* Debug */ = {
			isa = XCBuildConfiguration;
			buildSettings = {
				CODE_SIGN_STYLE = Automatic;
				CURRENT_PROJECT_VERSION = 1;
				GENERATE_INFOPLIST_FILE = YES;
				MARKETING_VERSION = 1.0;
				PRODUCT_BUNDLE_IDENTIFIER = "com.swapnilxi.reality-kit-ios-GuitARUITests";
				PRODUCT_NAME = "$(TARGET_NAME)";
				SWIFT_EMIT_LOC_STRINGS = NO;
				SWIFT_VERSION = 5.0;
				TARGETED_DEVICE_FAMILY = "1,2";
				TEST_TARGET_NAME = "reality-kit-ios-GuitAR";
			};
			name = Debug;
		};
		159ED3352C5966F800D777EB /* Release */ = {
			isa = XCBuildConfiguration;
			buildSettings = {
				CODE_SIGN_STYLE = Automatic;
				CURRENT_PROJECT_VERSION = 1;
				GENERATE_INFOPLIST_FILE = YES;
				MARKETING_VERSION = 1.0;
				PRODUCT_BUNDLE_IDENTIFIER = "com.swapnilxi.reality-kit-ios-GuitARUITests";
				PRODUCT_NAME = "$(TARGET_NAME)";
				SWIFT_EMIT_LOC_STRINGS = NO;
				SWIFT_VERSION = 5.0;
				TARGETED_DEVICE_FAMILY = "1,2";
				TEST_TARGET_NAME = "reality-kit-ios-GuitAR";
			};
			name = Release;
		};
/* End XCBuildConfiguration section */

/* Begin XCConfigurationList section */
		159ED3042C5966F600D777EB /* Build configuration list for PBXProject "reality-kit-ios-GuitAR" */ = {
			isa = XCConfigurationList;
			buildConfigurations = (
				159ED32B2C5966F800D777EB /* Debug */,
				159ED32C2C5966F800D777EB /* Release */,
			);
			defaultConfigurationIsVisible = 0;
			defaultConfigurationName = Release;
		};
		159ED32D2C5966F800D777EB /* Build configuration list for PBXNativeTarget "reality-kit-ios-GuitAR" */ = {
			isa = XCConfigurationList;
			buildConfigurations = (
				159ED32E2C5966F800D777EB /* Debug */,
				159ED32F2C5966F800D777EB /* Release */,
			);
			defaultConfigurationIsVisible = 0;
			defaultConfigurationName = Release;
		};
		159ED3302C5966F800D777EB /* Build configuration list for PBXNativeTarget "reality-kit-ios-GuitARTests" */ = {
			isa = XCConfigurationList;
			buildConfigurations = (
				159ED3312C5966F800D777EB /* Debug */,
				159ED3322C5966F800D777EB /* Release */,
			);
			defaultConfigurationIsVisible = 0;
			defaultConfigurationName = Release;
		};
		159ED3332C5966F800D777EB /* Build configuration list for PBXNativeTarget "reality-kit-ios-GuitARUITests" */ = {
			isa = XCConfigurationList;
			buildConfigurations = (
				159ED3342C5966F800D777EB /* Debug */,
				159ED3352C5966F800D777EB /* Release */,
			);
			defaultConfigurationIsVisible = 0;
			defaultConfigurationName = Release;
		};
/* End XCConfigurationList section */
	};
	rootObject = 159ED3012C5966F600D777EB /* Project object */;
}
