// !$*UTF8*$!
{
	archiveVersion = 1;
	classes = {
	};
	objectVersion = 60;
	objects = {

/* Begin PBXBuildFile section */
		15AD61092C62A6A300602A99 /* RealityKitContent in Frameworks */ = {isa = PBXBuildFile; productRef = 15AD61082C62A6A300602A99 /* RealityKitContent */; };
		15AD610B2C62A6A300602A99 /* location_pinApp.swift in Sources */ = {isa = PBXBuildFile; fileRef = 15AD610A2C62A6A300602A99 /* location_pinApp.swift */; };
		15AD610D2C62A6A300602A99 /* ContentView.swift in Sources */ = {isa = PBXBuildFile; fileRef = 15AD610C2C62A6A300602A99 /* ContentView.swift */; };
		15AD610F2C62A6A300602A99 /* AppModel.swift in Sources */ = {isa = PBXBuildFile; fileRef = 15AD610E2C62A6A300602A99 /* AppModel.swift */; };
		15AD61112C62A6A300602A99 /* ToggleImmersiveSpaceButton.swift in Sources */ = {isa = PBXBuildFile; fileRef = 15AD61102C62A6A300602A99 /* ToggleImmersiveSpaceButton.swift */; };
		15AD61132C62A6A300602A99 /* ImmersiveView.swift in Sources */ = {isa = PBXBuildFile; fileRef = 15AD61122C62A6A300602A99 /* ImmersiveView.swift */; };
		15AD61152C62A6A500602A99 /* Assets.xcassets in Resources */ = {isa = PBXBuildFile; fileRef = 15AD61142C62A6A500602A99 /* Assets.xcassets */; };
		15AD61182C62A6A500602A99 /* Preview Assets.xcassets in Resources */ = {isa = PBXBuildFile; fileRef = 15AD61172C62A6A500602A99 /* Preview Assets.xcassets */; };
		15AD61232C62A6A500602A99 /* location_pinTests.swift in Sources */ = {isa = PBXBuildFile; fileRef = 15AD61222C62A6A500602A99 /* location_pinTests.swift */; };
/* End PBXBuildFile section */

/* Begin PBXContainerItemProxy section */
		15AD611F2C62A6A500602A99 /* PBXContainerItemProxy */ = {
			isa = PBXContainerItemProxy;
			containerPortal = 15AD60FB2C62A6A300602A99 /* Project object */;
			proxyType = 1;
			remoteGlobalIDString = 15AD61022C62A6A300602A99;
			remoteInfo = "location-pin";
		};
/* End PBXContainerItemProxy section */

/* Begin PBXFileReference section */
		15AD61032C62A6A300602A99 /* location-pin.app */ = {isa = PBXFileReference; explicitFileType = wrapper.application; includeInIndex = 0; path = "location-pin.app"; sourceTree = BUILT_PRODUCTS_DIR; };
		15AD61072C62A6A300602A99 /* RealityKitContent */ = {isa = PBXFileReference; lastKnownFileType = wrapper; path = RealityKitContent; sourceTree = "<group>"; };
		15AD610A2C62A6A300602A99 /* location_pinApp.swift */ = {isa = PBXFileReference; lastKnownFileType = sourcecode.swift; path = location_pinApp.swift; sourceTree = "<group>"; };
		15AD610C2C62A6A300602A99 /* ContentView.swift */ = {isa = PBXFileReference; lastKnownFileType = sourcecode.swift; path = ContentView.swift; sourceTree = "<group>"; };
		15AD610E2C62A6A300602A99 /* AppModel.swift */ = {isa = PBXFileReference; lastKnownFileType = sourcecode.swift; path = AppModel.swift; sourceTree = "<group>"; };
		15AD61102C62A6A300602A99 /* ToggleImmersiveSpaceButton.swift */ = {isa = PBXFileReference; lastKnownFileType = sourcecode.swift; path = ToggleImmersiveSpaceButton.swift; sourceTree = "<group>"; };
		15AD61122C62A6A300602A99 /* ImmersiveView.swift */ = {isa = PBXFileReference; lastKnownFileType = sourcecode.swift; path = ImmersiveView.swift; sourceTree = "<group>"; };
		15AD61142C62A6A500602A99 /* Assets.xcassets */ = {isa = PBXFileReference; lastKnownFileType = folder.assetcatalog; path = Assets.xcassets; sourceTree = "<group>"; };
		15AD61172C62A6A500602A99 /* Preview Assets.xcassets */ = {isa = PBXFileReference; lastKnownFileType = folder.assetcatalog; path = "Preview Assets.xcassets"; sourceTree = "<group>"; };
		15AD61192C62A6A500602A99 /* Info.plist */ = {isa = PBXFileReference; lastKnownFileType = text.plist.xml; path = Info.plist; sourceTree = "<group>"; };
		15AD611E2C62A6A500602A99 /* location-pinTests.xctest */ = {isa = PBXFileReference; explicitFileType = wrapper.cfbundle; includeInIndex = 0; path = "location-pinTests.xctest"; sourceTree = BUILT_PRODUCTS_DIR; };
		15AD61222C62A6A500602A99 /* location_pinTests.swift */ = {isa = PBXFileReference; lastKnownFileType = sourcecode.swift; path = location_pinTests.swift; sourceTree = "<group>"; };
/* End PBXFileReference section */

/* Begin PBXFrameworksBuildPhase section */
		15AD61002C62A6A300602A99 /* Frameworks */ = {
			isa = PBXFrameworksBuildPhase;
			buildActionMask = 2147483647;
			files = (
				15AD61092C62A6A300602A99 /* RealityKitContent in Frameworks */,
			);
			runOnlyForDeploymentPostprocessing = 0;
		};
		15AD611B2C62A6A500602A99 /* Frameworks */ = {
			isa = PBXFrameworksBuildPhase;
			buildActionMask = 2147483647;
			files = (
			);
			runOnlyForDeploymentPostprocessing = 0;
		};
/* End PBXFrameworksBuildPhase section */

/* Begin PBXGroup section */
		15AD60FA2C62A6A300602A99 = {
			isa = PBXGroup;
			children = (
				15AD61052C62A6A300602A99 /* location-pin */,
				15AD61062C62A6A300602A99 /* Packages */,
				15AD61212C62A6A500602A99 /* location-pinTests */,
				15AD61042C62A6A300602A99 /* Products */,
			);
			sourceTree = "<group>";
		};
		15AD61042C62A6A300602A99 /* Products */ = {
			isa = PBXGroup;
			children = (
				15AD61032C62A6A300602A99 /* location-pin.app */,
				15AD611E2C62A6A500602A99 /* location-pinTests.xctest */,
			);
			name = Products;
			sourceTree = "<group>";
		};
		15AD61052C62A6A300602A99 /* location-pin */ = {
			isa = PBXGroup;
			children = (
				15AD610A2C62A6A300602A99 /* location_pinApp.swift */,
				15AD610C2C62A6A300602A99 /* ContentView.swift */,
				15AD610E2C62A6A300602A99 /* AppModel.swift */,
				15AD61102C62A6A300602A99 /* ToggleImmersiveSpaceButton.swift */,
				15AD61122C62A6A300602A99 /* ImmersiveView.swift */,
				15AD61142C62A6A500602A99 /* Assets.xcassets */,
				15AD61192C62A6A500602A99 /* Info.plist */,
				15AD61162C62A6A500602A99 /* Preview Content */,
			);
			path = "location-pin";
			sourceTree = "<group>";
		};
		15AD61062C62A6A300602A99 /* Packages */ = {
			isa = PBXGroup;
			children = (
				15AD61072C62A6A300602A99 /* RealityKitContent */,
			);
			path = Packages;
			sourceTree = "<group>";
		};
		15AD61162C62A6A500602A99 /* Preview Content */ = {
			isa = PBXGroup;
			children = (
				15AD61172C62A6A500602A99 /* Preview Assets.xcassets */,
			);
			path = "Preview Content";
			sourceTree = "<group>";
		};
		15AD61212C62A6A500602A99 /* location-pinTests */ = {
			isa = PBXGroup;
			children = (
				15AD61222C62A6A500602A99 /* location_pinTests.swift */,
			);
			path = "location-pinTests";
			sourceTree = "<group>";
		};
/* End PBXGroup section */

/* Begin PBXNativeTarget section */
		15AD61022C62A6A300602A99 /* location-pin */ = {
			isa = PBXNativeTarget;
			buildConfigurationList = 15AD61262C62A6A500602A99 /* Build configuration list for PBXNativeTarget "location-pin" */;
			buildPhases = (
				15AD60FF2C62A6A300602A99 /* Sources */,
				15AD61002C62A6A300602A99 /* Frameworks */,
				15AD61012C62A6A300602A99 /* Resources */,
			);
			buildRules = (
			);
			dependencies = (
			);
			name = "location-pin";
			packageProductDependencies = (
				15AD61082C62A6A300602A99 /* RealityKitContent */,
			);
			productName = "location-pin";
			productReference = 15AD61032C62A6A300602A99 /* location-pin.app */;
			productType = "com.apple.product-type.application";
		};
		15AD611D2C62A6A500602A99 /* location-pinTests */ = {
			isa = PBXNativeTarget;
			buildConfigurationList = 15AD61292C62A6A500602A99 /* Build configuration list for PBXNativeTarget "location-pinTests" */;
			buildPhases = (
				15AD611A2C62A6A500602A99 /* Sources */,
				15AD611B2C62A6A500602A99 /* Frameworks */,
				15AD611C2C62A6A500602A99 /* Resources */,
			);
			buildRules = (
			);
			dependencies = (
				15AD61202C62A6A500602A99 /* PBXTargetDependency */,
			);
			name = "location-pinTests";
			productName = "location-pinTests";
			productReference = 15AD611E2C62A6A500602A99 /* location-pinTests.xctest */;
			productType = "com.apple.product-type.bundle.unit-test";
		};
/* End PBXNativeTarget section */

/* Begin PBXProject section */
		15AD60FB2C62A6A300602A99 /* Project object */ = {
			isa = PBXProject;
			attributes = {
				BuildIndependentTargetsInParallel = 1;
				LastSwiftUpdateCheck = 1600;
				LastUpgradeCheck = 1600;
				TargetAttributes = {
					15AD61022C62A6A300602A99 = {
						CreatedOnToolsVersion = 16.0;
					};
					15AD611D2C62A6A500602A99 = {
						CreatedOnToolsVersion = 16.0;
						TestTargetID = 15AD61022C62A6A300602A99;
					};
				};
			};
			buildConfigurationList = 15AD60FE2C62A6A300602A99 /* Build configuration list for PBXProject "location-pin" */;
			compatibilityVersion = "Xcode 15.0";
			developmentRegion = en;
			hasScannedForEncodings = 0;
			knownRegions = (
				en,
				Base,
			);
			mainGroup = 15AD60FA2C62A6A300602A99;
			productRefGroup = 15AD61042C62A6A300602A99 /* Products */;
			projectDirPath = "";
			projectRoot = "";
			targets = (
				15AD61022C62A6A300602A99 /* location-pin */,
				15AD611D2C62A6A500602A99 /* location-pinTests */,
			);
		};
/* End PBXProject section */

/* Begin PBXResourcesBuildPhase section */
		15AD61012C62A6A300602A99 /* Resources */ = {
			isa = PBXResourcesBuildPhase;
			buildActionMask = 2147483647;
			files = (
				15AD61182C62A6A500602A99 /* Preview Assets.xcassets in Resources */,
				15AD61152C62A6A500602A99 /* Assets.xcassets in Resources */,
			);
			runOnlyForDeploymentPostprocessing = 0;
		};
		15AD611C2C62A6A500602A99 /* Resources */ = {
			isa = PBXResourcesBuildPhase;
			buildActionMask = 2147483647;
			files = (
			);
			runOnlyForDeploymentPostprocessing = 0;
		};
/* End PBXResourcesBuildPhase section */

/* Begin PBXSourcesBuildPhase section */
		15AD60FF2C62A6A300602A99 /* Sources */ = {
			isa = PBXSourcesBuildPhase;
			buildActionMask = 2147483647;
			files = (
				15AD61112C62A6A300602A99 /* ToggleImmersiveSpaceButton.swift in Sources */,
				15AD610D2C62A6A300602A99 /* ContentView.swift in Sources */,
				15AD61132C62A6A300602A99 /* ImmersiveView.swift in Sources */,
				15AD610F2C62A6A300602A99 /* AppModel.swift in Sources */,
				15AD610B2C62A6A300602A99 /* location_pinApp.swift in Sources */,
			);
			runOnlyForDeploymentPostprocessing = 0;
		};
		15AD611A2C62A6A500602A99 /* Sources */ = {
			isa = PBXSourcesBuildPhase;
			buildActionMask = 2147483647;
			files = (
				15AD61232C62A6A500602A99 /* location_pinTests.swift in Sources */,
			);
			runOnlyForDeploymentPostprocessing = 0;
		};
/* End PBXSourcesBuildPhase section */

/* Begin PBXTargetDependency section */
		15AD61202C62A6A500602A99 /* PBXTargetDependency */ = {
			isa = PBXTargetDependency;
			target = 15AD61022C62A6A300602A99 /* location-pin */;
			targetProxy = 15AD611F2C62A6A500602A99 /* PBXContainerItemProxy */;
		};
/* End PBXTargetDependency section */

/* Begin XCBuildConfiguration section */
		15AD61242C62A6A500602A99 /* Debug */ = {
			isa = XCBuildConfiguration;
			buildSettings = {
				ALWAYS_SEARCH_USER_PATHS = NO;
				ASSETCATALOG_COMPILER_GENERATE_SWIFT_ASSET_SYMBOL_EXTENSIONS = YES;
				CLANG_ANALYZER_NONNULL = YES;
				CLANG_ANALYZER_NUMBER_OBJECT_CONVERSION = YES_AGGRESSIVE;
				CLANG_CXX_LANGUAGE_STANDARD = "gnu++20";
				CLANG_ENABLE_MODULES = YES;
				CLANG_ENABLE_OBJC_ARC = YES;
				CLANG_ENABLE_OBJC_WEAK = YES;
				CLANG_WARN_BLOCK_CAPTURE_AUTORELEASING = YES;
				CLANG_WARN_BOOL_CONVERSION = YES;
				CLANG_WARN_COMMA = YES;
				CLANG_WARN_CONSTANT_CONVERSION = YES;
				CLANG_WARN_DEPRECATED_OBJC_IMPLEMENTATIONS = YES;
				CLANG_WARN_DIRECT_OBJC_ISA_USAGE = YES_ERROR;
				CLANG_WARN_DOCUMENTATION_COMMENTS = YES;
				CLANG_WARN_EMPTY_BODY = YES;
				CLANG_WARN_ENUM_CONVERSION = YES;
				CLANG_WARN_INFINITE_RECURSION = YES;
				CLANG_WARN_INT_CONVERSION = YES;
				CLANG_WARN_NON_LITERAL_NULL_CONVERSION = YES;
				CLANG_WARN_OBJC_IMPLICIT_RETAIN_SELF = YES;
				CLANG_WARN_OBJC_LITERAL_CONVERSION = YES;
				CLANG_WARN_OBJC_ROOT_CLASS = YES_ERROR;
				CLANG_WARN_QUOTED_INCLUDE_IN_FRAMEWORK_HEADER = YES;
				CLANG_WARN_RANGE_LOOP_ANALYSIS = YES;
				CLANG_WARN_STRICT_PROTOTYPES = YES;
				CLANG_WARN_SUSPICIOUS_MOVE = YES;
				CLANG_WARN_UNGUARDED_AVAILABILITY = YES_AGGRESSIVE;
				CLANG_WARN_UNREACHABLE_CODE = YES;
				CLANG_WARN__DUPLICATE_METHOD_MATCH = YES;
				COPY_PHASE_STRIP = NO;
				DEBUG_INFORMATION_FORMAT = dwarf;
				ENABLE_STRICT_OBJC_MSGSEND = YES;
				ENABLE_TESTABILITY = YES;
				ENABLE_USER_SCRIPT_SANDBOXING = YES;
				GCC_C_LANGUAGE_STANDARD = gnu17;
				GCC_DYNAMIC_NO_PIC = NO;
				GCC_NO_COMMON_BLOCKS = YES;
				GCC_OPTIMIZATION_LEVEL = 0;
				GCC_PREPROCESSOR_DEFINITIONS = (
					"DEBUG=1",
					"$(inherited)",
				);
				GCC_WARN_64_TO_32_BIT_CONVERSION = YES;
				GCC_WARN_ABOUT_RETURN_TYPE = YES_ERROR;
				GCC_WARN_UNDECLARED_SELECTOR = YES;
				GCC_WARN_UNINITIALIZED_AUTOS = YES_AGGRESSIVE;
				GCC_WARN_UNUSED_FUNCTION = YES;
				GCC_WARN_UNUSED_VARIABLE = YES;
				LOCALIZATION_PREFERS_STRING_CATALOGS = YES;
				MTL_ENABLE_DEBUG_INFO = INCLUDE_SOURCE;
				MTL_FAST_MATH = YES;
				ONLY_ACTIVE_ARCH = YES;
				SDKROOT = xros;
				SWIFT_ACTIVE_COMPILATION_CONDITIONS = "DEBUG $(inherited)";
				SWIFT_OPTIMIZATION_LEVEL = "-Onone";
				XROS_DEPLOYMENT_TARGET = 2.0;
			};
			name = Debug;
		};
		15AD61252C62A6A500602A99 /* Release */ = {
			isa = XCBuildConfiguration;
			buildSettings = {
				ALWAYS_SEARCH_USER_PATHS = NO;
				ASSETCATALOG_COMPILER_GENERATE_SWIFT_ASSET_SYMBOL_EXTENSIONS = YES;
				CLANG_ANALYZER_NONNULL = YES;
				CLANG_ANALYZER_NUMBER_OBJECT_CONVERSION = YES_AGGRESSIVE;
				CLANG_CXX_LANGUAGE_STANDARD = "gnu++20";
				CLANG_ENABLE_MODULES = YES;
				CLANG_ENABLE_OBJC_ARC = YES;
				CLANG_ENABLE_OBJC_WEAK = YES;
				CLANG_WARN_BLOCK_CAPTURE_AUTORELEASING = YES;
				CLANG_WARN_BOOL_CONVERSION = YES;
				CLANG_WARN_COMMA = YES;
				CLANG_WARN_CONSTANT_CONVERSION = YES;
				CLANG_WARN_DEPRECATED_OBJC_IMPLEMENTATIONS = YES;
				CLANG_WARN_DIRECT_OBJC_ISA_USAGE = YES_ERROR;
				CLANG_WARN_DOCUMENTATION_COMMENTS = YES;
				CLANG_WARN_EMPTY_BODY = YES;
				CLANG_WARN_ENUM_CONVERSION = YES;
				CLANG_WARN_INFINITE_RECURSION = YES;
				CLANG_WARN_INT_CONVERSION = YES;
				CLANG_WARN_NON_LITERAL_NULL_CONVERSION = YES;
				CLANG_WARN_OBJC_IMPLICIT_RETAIN_SELF = YES;
				CLANG_WARN_OBJC_LITERAL_CONVERSION = YES;
				CLANG_WARN_OBJC_ROOT_CLASS = YES_ERROR;
				CLANG_WARN_QUOTED_INCLUDE_IN_FRAMEWORK_HEADER = YES;
				CLANG_WARN_RANGE_LOOP_ANALYSIS = YES;
				CLANG_WARN_STRICT_PROTOTYPES = YES;
				CLANG_WARN_SUSPICIOUS_MOVE = YES;
				CLANG_WARN_UNGUARDED_AVAILABILITY = YES_AGGRESSIVE;
				CLANG_WARN_UNREACHABLE_CODE = YES;
				CLANG_WARN__DUPLICATE_METHOD_MATCH = YES;
				COPY_PHASE_STRIP = NO;
				DEBUG_INFORMATION_FORMAT = "dwarf-with-dsym";
				ENABLE_NS_ASSERTIONS = NO;
				ENABLE_STRICT_OBJC_MSGSEND = YES;
				ENABLE_USER_SCRIPT_SANDBOXING = YES;
				GCC_C_LANGUAGE_STANDARD = gnu17;
				GCC_NO_COMMON_BLOCKS = YES;
				GCC_WARN_64_TO_32_BIT_CONVERSION = YES;
				GCC_WARN_ABOUT_RETURN_TYPE = YES_ERROR;
				GCC_WARN_UNDECLARED_SELECTOR = YES;
				GCC_WARN_UNINITIALIZED_AUTOS = YES_AGGRESSIVE;
				GCC_WARN_UNUSED_FUNCTION = YES;
				GCC_WARN_UNUSED_VARIABLE = YES;
				LOCALIZATION_PREFERS_STRING_CATALOGS = YES;
				MTL_ENABLE_DEBUG_INFO = NO;
				MTL_FAST_MATH = YES;
				SDKROOT = xros;
				SWIFT_COMPILATION_MODE = wholemodule;
				VALIDATE_PRODUCT = YES;
				XROS_DEPLOYMENT_TARGET = 2.0;
			};
			name = Release;
		};
		15AD61272C62A6A500602A99 /* Debug */ = {
			isa = XCBuildConfiguration;
			buildSettings = {
				ASSETCATALOG_COMPILER_APPICON_NAME = AppIcon;
				ASSETCATALOG_COMPILER_GLOBAL_ACCENT_COLOR_NAME = AccentColor;
				CODE_SIGN_STYLE = Automatic;
				CURRENT_PROJECT_VERSION = 1;
				DEVELOPMENT_ASSET_PATHS = "\"location-pin/Preview Content\"";
				ENABLE_PREVIEWS = YES;
				GENERATE_INFOPLIST_FILE = YES;
				INFOPLIST_FILE = "$(TARGET_NAME)/Info.plist";
				LD_RUNPATH_SEARCH_PATHS = (
					"$(inherited)",
					"@executable_path/Frameworks",
				);
				MARKETING_VERSION = 1.0;
				PRODUCT_BUNDLE_IDENTIFIER = "com.swapnilxi.location-pin";
				PRODUCT_NAME = "$(TARGET_NAME)";
				SUPPORTED_PLATFORMS = "xros xrsimulator";
				SWIFT_EMIT_LOC_STRINGS = YES;
				SWIFT_VERSION = 5.0;
				TARGETED_DEVICE_FAMILY = 7;
			};
			name = Debug;
		};
		15AD61282C62A6A500602A99 /* Release */ = {
			isa = XCBuildConfiguration;
			buildSettings = {
				ASSETCATALOG_COMPILER_APPICON_NAME = AppIcon;
				ASSETCATALOG_COMPILER_GLOBAL_ACCENT_COLOR_NAME = AccentColor;
				CODE_SIGN_STYLE = Automatic;
				CURRENT_PROJECT_VERSION = 1;
				DEVELOPMENT_ASSET_PATHS = "\"location-pin/Preview Content\"";
				ENABLE_PREVIEWS = YES;
				GENERATE_INFOPLIST_FILE = YES;
				INFOPLIST_FILE = "$(TARGET_NAME)/Info.plist";
				LD_RUNPATH_SEARCH_PATHS = (
					"$(inherited)",
					"@executable_path/Frameworks",
				);
				MARKETING_VERSION = 1.0;
				PRODUCT_BUNDLE_IDENTIFIER = "com.swapnilxi.location-pin";
				PRODUCT_NAME = "$(TARGET_NAME)";
				SUPPORTED_PLATFORMS = "xros xrsimulator";
				SWIFT_EMIT_LOC_STRINGS = YES;
				SWIFT_VERSION = 5.0;
				TARGETED_DEVICE_FAMILY = 7;
			};
			name = Release;
		};
		15AD612A2C62A6A500602A99 /* Debug */ = {
			isa = XCBuildConfiguration;
			buildSettings = {
				BUNDLE_LOADER = "$(TEST_HOST)";
				CODE_SIGN_STYLE = Automatic;
				CURRENT_PROJECT_VERSION = 1;
				GENERATE_INFOPLIST_FILE = YES;
				MARKETING_VERSION = 1.0;
				PRODUCT_BUNDLE_IDENTIFIER = "com.swapnilxi.location-pinTests";
				PRODUCT_NAME = "$(TARGET_NAME)";
				SUPPORTED_PLATFORMS = "xros xrsimulator";
				SWIFT_EMIT_LOC_STRINGS = NO;
				SWIFT_VERSION = 5.0;
				TARGETED_DEVICE_FAMILY = 7;
				TEST_HOST = "$(BUILT_PRODUCTS_DIR)/location-pin.app/$(BUNDLE_EXECUTABLE_FOLDER_PATH)/location-pin";
				XROS_DEPLOYMENT_TARGET = 2.0;
			};
			name = Debug;
		};
		15AD612B2C62A6A500602A99 /* Release */ = {
			isa = XCBuildConfiguration;
			buildSettings = {
				BUNDLE_LOADER = "$(TEST_HOST)";
				CODE_SIGN_STYLE = Automatic;
				CURRENT_PROJECT_VERSION = 1;
				GENERATE_INFOPLIST_FILE = YES;
				MARKETING_VERSION = 1.0;
				PRODUCT_BUNDLE_IDENTIFIER = "com.swapnilxi.location-pinTests";
				PRODUCT_NAME = "$(TARGET_NAME)";
				SUPPORTED_PLATFORMS = "xros xrsimulator";
				SWIFT_EMIT_LOC_STRINGS = NO;
				SWIFT_VERSION = 5.0;
				TARGETED_DEVICE_FAMILY = 7;
				TEST_HOST = "$(BUILT_PRODUCTS_DIR)/location-pin.app/$(BUNDLE_EXECUTABLE_FOLDER_PATH)/location-pin";
				XROS_DEPLOYMENT_TARGET = 2.0;
			};
			name = Release;
		};
/* End XCBuildConfiguration section */

/* Begin XCConfigurationList section */
		15AD60FE2C62A6A300602A99 /* Build configuration list for PBXProject "location-pin" */ = {
			isa = XCConfigurationList;
			buildConfigurations = (
				15AD61242C62A6A500602A99 /* Debug */,
				15AD61252C62A6A500602A99 /* Release */,
			);
			defaultConfigurationIsVisible = 0;
			defaultConfigurationName = Release;
		};
		15AD61262C62A6A500602A99 /* Build configuration list for PBXNativeTarget "location-pin" */ = {
			isa = XCConfigurationList;
			buildConfigurations = (
				15AD61272C62A6A500602A99 /* Debug */,
				15AD61282C62A6A500602A99 /* Release */,
			);
			defaultConfigurationIsVisible = 0;
			defaultConfigurationName = Release;
		};
		15AD61292C62A6A500602A99 /* Build configuration list for PBXNativeTarget "location-pinTests" */ = {
			isa = XCConfigurationList;
			buildConfigurations = (
				15AD612A2C62A6A500602A99 /* Debug */,
				15AD612B2C62A6A500602A99 /* Release */,
			);
			defaultConfigurationIsVisible = 0;
			defaultConfigurationName = Release;
		};
/* End XCConfigurationList section */

/* Begin XCSwiftPackageProductDependency section */
		15AD61082C62A6A300602A99 /* RealityKitContent */ = {
			isa = XCSwiftPackageProductDependency;
			productName = RealityKitContent;
		};
/* End XCSwiftPackageProductDependency section */
	};
	rootObject = 15AD60FB2C62A6A300602A99 /* Project object */;
}
