// !$*UTF8*$!
{
	archiveVersion = 1;
	classes = {
	};
	objectVersion = 56;
	objects = {

/* Begin PBXBuildFile section */
		15FE2B0B2C1DA2760023AEAA /* RealityKitContent in Frameworks */ = {isa = PBXBuildFile; productRef = 15FE2B0A2C1DA2760023AEAA /* RealityKitContent */; };
		15FE2B0D2C1DA2760023AEAA /* vision_os_learnApp.swift in Sources */ = {isa = PBXBuildFile; fileRef = 15FE2B0C2C1DA2760023AEAA /* vision_os_learnApp.swift */; };
		15FE2B0F2C1DA2760023AEAA /* ContentView.swift in Sources */ = {isa = PBXBuildFile; fileRef = 15FE2B0E2C1DA2760023AEAA /* ContentView.swift */; };
		15FE2B112C1DA2760023AEAA /* ImmersiveView.swift in Sources */ = {isa = PBXBuildFile; fileRef = 15FE2B102C1DA2760023AEAA /* ImmersiveView.swift */; };
		15FE2B132C1DA2760023AEAA /* ImageBasedLighting.skybox in Resources */ = {isa = PBXBuildFile; fileRef = 15FE2B122C1DA2760023AEAA /* ImageBasedLighting.skybox */; };
		15FE2B152C1DA2770023AEAA /* Assets.xcassets in Resources */ = {isa = PBXBuildFile; fileRef = 15FE2B142C1DA2770023AEAA /* Assets.xcassets */; };
		15FE2B182C1DA2770023AEAA /* Preview Assets.xcassets in Resources */ = {isa = PBXBuildFile; fileRef = 15FE2B172C1DA2770023AEAA /* Preview Assets.xcassets */; };
		15FE2B202C1E27D80023AEAA /* SolarSystemView.swift in Sources */ = {isa = PBXBuildFile; fileRef = 15FE2B1F2C1E27D80023AEAA /* SolarSystemView.swift */; };
/* End PBXBuildFile section */

/* Begin PBXFileReference section */
		15FE2B052C1DA2760023AEAA /* vision-os-learn.app */ = {isa = PBXFileReference; explicitFileType = wrapper.application; includeInIndex = 0; path = "vision-os-learn.app"; sourceTree = BUILT_PRODUCTS_DIR; };
		15FE2B092C1DA2760023AEAA /* RealityKitContent */ = {isa = PBXFileReference; lastKnownFileType = wrapper; path = RealityKitContent; sourceTree = "<group>"; };
		15FE2B0C2C1DA2760023AEAA /* vision_os_learnApp.swift */ = {isa = PBXFileReference; lastKnownFileType = sourcecode.swift; path = vision_os_learnApp.swift; sourceTree = "<group>"; };
		15FE2B0E2C1DA2760023AEAA /* ContentView.swift */ = {isa = PBXFileReference; lastKnownFileType = sourcecode.swift; path = ContentView.swift; sourceTree = "<group>"; };
		15FE2B102C1DA2760023AEAA /* ImmersiveView.swift */ = {isa = PBXFileReference; lastKnownFileType = sourcecode.swift; path = ImmersiveView.swift; sourceTree = "<group>"; };
		15FE2B122C1DA2760023AEAA /* ImageBasedLighting.skybox */ = {isa = PBXFileReference; lastKnownFileType = file.skybox; path = ImageBasedLighting.skybox; sourceTree = "<group>"; };
		15FE2B142C1DA2770023AEAA /* Assets.xcassets */ = {isa = PBXFileReference; lastKnownFileType = folder.assetcatalog; path = Assets.xcassets; sourceTree = "<group>"; };
		15FE2B172C1DA2770023AEAA /* Preview Assets.xcassets */ = {isa = PBXFileReference; lastKnownFileType = folder.assetcatalog; path = "Preview Assets.xcassets"; sourceTree = "<group>"; };
		15FE2B192C1DA2770023AEAA /* Info.plist */ = {isa = PBXFileReference; lastKnownFileType = text.plist.xml; path = Info.plist; sourceTree = "<group>"; };
		15FE2B1F2C1E27D80023AEAA /* SolarSystemView.swift */ = {isa = PBXFileReference; lastKnownFileType = sourcecode.swift; path = SolarSystemView.swift; sourceTree = "<group>"; };
/* End PBXFileReference section */

/* Begin PBXFrameworksBuildPhase section */
		15FE2B022C1DA2760023AEAA /* Frameworks */ = {
			isa = PBXFrameworksBuildPhase;
			buildActionMask = 2147483647;
			files = (
				15FE2B0B2C1DA2760023AEAA /* RealityKitContent in Frameworks */,
			);
			runOnlyForDeploymentPostprocessing = 0;
		};
/* End PBXFrameworksBuildPhase section */

/* Begin PBXGroup section */
		15FE2AFC2C1DA2760023AEAA = {
			isa = PBXGroup;
			children = (
				15FE2B072C1DA2760023AEAA /* vision-os-learn */,
				15FE2B082C1DA2760023AEAA /* Packages */,
				15FE2B062C1DA2760023AEAA /* Products */,
			);
			sourceTree = "<group>";
		};
		15FE2B062C1DA2760023AEAA /* Products */ = {
			isa = PBXGroup;
			children = (
				15FE2B052C1DA2760023AEAA /* vision-os-learn.app */,
			);
			name = Products;
			sourceTree = "<group>";
		};
		15FE2B072C1DA2760023AEAA /* vision-os-learn */ = {
			isa = PBXGroup;
			children = (
				15FE2B0C2C1DA2760023AEAA /* vision_os_learnApp.swift */,
				15FE2B1F2C1E27D80023AEAA /* SolarSystemView.swift */,
				15FE2B0E2C1DA2760023AEAA /* ContentView.swift */,
				15FE2B102C1DA2760023AEAA /* ImmersiveView.swift */,
				15FE2B122C1DA2760023AEAA /* ImageBasedLighting.skybox */,
				15FE2B142C1DA2770023AEAA /* Assets.xcassets */,
				15FE2B192C1DA2770023AEAA /* Info.plist */,
				15FE2B162C1DA2770023AEAA /* Preview Content */,
			);
			path = "vision-os-learn";
			sourceTree = "<group>";
		};
		15FE2B082C1DA2760023AEAA /* Packages */ = {
			isa = PBXGroup;
			children = (
				15FE2B092C1DA2760023AEAA /* RealityKitContent */,
			);
			path = Packages;
			sourceTree = "<group>";
		};
		15FE2B162C1DA2770023AEAA /* Preview Content */ = {
			isa = PBXGroup;
			children = (
				15FE2B172C1DA2770023AEAA /* Preview Assets.xcassets */,
			);
			path = "Preview Content";
			sourceTree = "<group>";
		};
/* End PBXGroup section */

/* Begin PBXNativeTarget section */
		15FE2B042C1DA2760023AEAA /* vision-os-learn */ = {
			isa = PBXNativeTarget;
			buildConfigurationList = 15FE2B1C2C1DA2770023AEAA /* Build configuration list for PBXNativeTarget "vision-os-learn" */;
			buildPhases = (
				15FE2B012C1DA2760023AEAA /* Sources */,
				15FE2B022C1DA2760023AEAA /* Frameworks */,
				15FE2B032C1DA2760023AEAA /* Resources */,
			);
			buildRules = (
			);
			dependencies = (
			);
			name = "vision-os-learn";
			packageProductDependencies = (
				15FE2B0A2C1DA2760023AEAA /* RealityKitContent */,
			);
			productName = "vision-os-learn";
			productReference = 15FE2B052C1DA2760023AEAA /* vision-os-learn.app */;
			productType = "com.apple.product-type.application";
		};
/* End PBXNativeTarget section */

/* Begin PBXProject section */
		15FE2AFD2C1DA2760023AEAA /* Project object */ = {
			isa = PBXProject;
			attributes = {
				BuildIndependentTargetsInParallel = 1;
				LastSwiftUpdateCheck = 1540;
				LastUpgradeCheck = 1540;
				TargetAttributes = {
					15FE2B042C1DA2760023AEAA = {
						CreatedOnToolsVersion = 15.4;
					};
				};
			};
			buildConfigurationList = 15FE2B002C1DA2760023AEAA /* Build configuration list for PBXProject "vision-os-learn" */;
			compatibilityVersion = "Xcode 14.0";
			developmentRegion = en;
			hasScannedForEncodings = 0;
			knownRegions = (
				en,
				Base,
			);
			mainGroup = 15FE2AFC2C1DA2760023AEAA;
			productRefGroup = 15FE2B062C1DA2760023AEAA /* Products */;
			projectDirPath = "";
			projectRoot = "";
			targets = (
				15FE2B042C1DA2760023AEAA /* vision-os-learn */,
			);
		};
/* End PBXProject section */

/* Begin PBXResourcesBuildPhase section */
		15FE2B032C1DA2760023AEAA /* Resources */ = {
			isa = PBXResourcesBuildPhase;
			buildActionMask = 2147483647;
			files = (
				15FE2B152C1DA2770023AEAA /* Assets.xcassets in Resources */,
				15FE2B182C1DA2770023AEAA /* Preview Assets.xcassets in Resources */,
				15FE2B132C1DA2760023AEAA /* ImageBasedLighting.skybox in Resources */,
			);
			runOnlyForDeploymentPostprocessing = 0;
		};
/* End PBXResourcesBuildPhase section */

/* Begin PBXSourcesBuildPhase section */
		15FE2B012C1DA2760023AEAA /* Sources */ = {
			isa = PBXSourcesBuildPhase;
			buildActionMask = 2147483647;
			files = (
				15FE2B0F2C1DA2760023AEAA /* ContentView.swift in Sources */,
				15FE2B202C1E27D80023AEAA /* SolarSystemView.swift in Sources */,
				15FE2B0D2C1DA2760023AEAA /* vision_os_learnApp.swift in Sources */,
				15FE2B112C1DA2760023AEAA /* ImmersiveView.swift in Sources */,
			);
			runOnlyForDeploymentPostprocessing = 0;
		};
/* End PBXSourcesBuildPhase section */

/* Begin XCBuildConfiguration section */
		15FE2B1A2C1DA2770023AEAA /* Debug */ = {
			isa = XCBuildConfiguration;
			buildSettings = {
				ALWAYS_SEARCH_USER_PATHS = NO;
				ASSETCATALOG_COMPILER_GENERATE_SWIFT_ASSET_SYMBOL_EXTENSIONS = YES;
				CLANG_ANALYZER_NONNULL = YES;
				CLANG_ANALYZER_NUMBER_OBJECT_CONVERSION = YES_AGGRESSIVE;
				CLANG_CXX_LANGUAGE_STANDARD = "gnu++20";
				CLANG_ENABLE_MODULES = YES;
				CLANG_ENABLE_OBJC_ARC = YES;
				CLANG_ENABLE_OBJC_WEAK = YES;
				CLANG_WARN_BLOCK_CAPTURE_AUTORELEASING = YES;
				CLANG_WARN_BOOL_CONVERSION = YES;
				CLANG_WARN_COMMA = YES;
				CLANG_WARN_CONSTANT_CONVERSION = YES;
				CLANG_WARN_DEPRECATED_OBJC_IMPLEMENTATIONS = YES;
				CLANG_WARN_DIRECT_OBJC_ISA_USAGE = YES_ERROR;
				CLANG_WARN_DOCUMENTATION_COMMENTS = YES;
				CLANG_WARN_EMPTY_BODY = YES;
				CLANG_WARN_ENUM_CONVERSION = YES;
				CLANG_WARN_INFINITE_RECURSION = YES;
				CLANG_WARN_INT_CONVERSION = YES;
				CLANG_WARN_NON_LITERAL_NULL_CONVERSION = YES;
				CLANG_WARN_OBJC_IMPLICIT_RETAIN_SELF = YES;
				CLANG_WARN_OBJC_LITERAL_CONVERSION = YES;
				CLANG_WARN_OBJC_ROOT_CLASS = YES_ERROR;
				CLANG_WARN_QUOTED_INCLUDE_IN_FRAMEWORK_HEADER = YES;
				CLANG_WARN_RANGE_LOOP_ANALYSIS = YES;
				CLANG_WARN_STRICT_PROTOTYPES = YES;
				CLANG_WARN_SUSPICIOUS_MOVE = YES;
				CLANG_WARN_UNGUARDED_AVAILABILITY = YES_AGGRESSIVE;
				CLANG_WARN_UNREACHABLE_CODE = YES;
				CLANG_WARN__DUPLICATE_METHOD_MATCH = YES;
				COPY_PHASE_STRIP = NO;
				DEBUG_INFORMATION_FORMAT = dwarf;
				ENABLE_STRICT_OBJC_MSGSEND = YES;
				ENABLE_TESTABILITY = YES;
				ENABLE_USER_SCRIPT_SANDBOXING = YES;
				GCC_C_LANGUAGE_STANDARD = gnu17;
				GCC_DYNAMIC_NO_PIC = NO;
				GCC_NO_COMMON_BLOCKS = YES;
				GCC_OPTIMIZATION_LEVEL = 0;
				GCC_PREPROCESSOR_DEFINITIONS = (
					"DEBUG=1",
					"$(inherited)",
				);
				GCC_WARN_64_TO_32_BIT_CONVERSION = YES;
				GCC_WARN_ABOUT_RETURN_TYPE = YES_ERROR;
				GCC_WARN_UNDECLARED_SELECTOR = YES;
				GCC_WARN_UNINITIALIZED_AUTOS = YES_AGGRESSIVE;
				GCC_WARN_UNUSED_FUNCTION = YES;
				GCC_WARN_UNUSED_VARIABLE = YES;
				LOCALIZATION_PREFERS_STRING_CATALOGS = YES;
				MTL_ENABLE_DEBUG_INFO = INCLUDE_SOURCE;
				MTL_FAST_MATH = YES;
				ONLY_ACTIVE_ARCH = YES;
				SDKROOT = xros;
				SWIFT_ACTIVE_COMPILATION_CONDITIONS = "DEBUG $(inherited)";
				SWIFT_OPTIMIZATION_LEVEL = "-Onone";
				XROS_DEPLOYMENT_TARGET = 1.2;
			};
			name = Debug;
		};
		15FE2B1B2C1DA2770023AEAA /* Release */ = {
			isa = XCBuildConfiguration;
			buildSettings = {
				ALWAYS_SEARCH_USER_PATHS = NO;
				ASSETCATALOG_COMPILER_GENERATE_SWIFT_ASSET_SYMBOL_EXTENSIONS = YES;
				CLANG_ANALYZER_NONNULL = YES;
				CLANG_ANALYZER_NUMBER_OBJECT_CONVERSION = YES_AGGRESSIVE;
				CLANG_CXX_LANGUAGE_STANDARD = "gnu++20";
				CLANG_ENABLE_MODULES = YES;
				CLANG_ENABLE_OBJC_ARC = YES;
				CLANG_ENABLE_OBJC_WEAK = YES;
				CLANG_WARN_BLOCK_CAPTURE_AUTORELEASING = YES;
				CLANG_WARN_BOOL_CONVERSION = YES;
				CLANG_WARN_COMMA = YES;
				CLANG_WARN_CONSTANT_CONVERSION = YES;
				CLANG_WARN_DEPRECATED_OBJC_IMPLEMENTATIONS = YES;
				CLANG_WARN_DIRECT_OBJC_ISA_USAGE = YES_ERROR;
				CLANG_WARN_DOCUMENTATION_COMMENTS = YES;
				CLANG_WARN_EMPTY_BODY = YES;
				CLANG_WARN_ENUM_CONVERSION = YES;
				CLANG_WARN_INFINITE_RECURSION = YES;
				CLANG_WARN_INT_CONVERSION = YES;
				CLANG_WARN_NON_LITERAL_NULL_CONVERSION = YES;
				CLANG_WARN_OBJC_IMPLICIT_RETAIN_SELF = YES;
				CLANG_WARN_OBJC_LITERAL_CONVERSION = YES;
				CLANG_WARN_OBJC_ROOT_CLASS = YES_ERROR;
				CLANG_WARN_QUOTED_INCLUDE_IN_FRAMEWORK_HEADER = YES;
				CLANG_WARN_RANGE_LOOP_ANALYSIS = YES;
				CLANG_WARN_STRICT_PROTOTYPES = YES;
				CLANG_WARN_SUSPICIOUS_MOVE = YES;
				CLANG_WARN_UNGUARDED_AVAILABILITY = YES_AGGRESSIVE;
				CLANG_WARN_UNREACHABLE_CODE = YES;
				CLANG_WARN__DUPLICATE_METHOD_MATCH = YES;
				COPY_PHASE_STRIP = NO;
				DEBUG_INFORMATION_FORMAT = "dwarf-with-dsym";
				ENABLE_NS_ASSERTIONS = NO;
				ENABLE_STRICT_OBJC_MSGSEND = YES;
				ENABLE_USER_SCRIPT_SANDBOXING = YES;
				GCC_C_LANGUAGE_STANDARD = gnu17;
				GCC_NO_COMMON_BLOCKS = YES;
				GCC_WARN_64_TO_32_BIT_CONVERSION = YES;
				GCC_WARN_ABOUT_RETURN_TYPE = YES_ERROR;
				GCC_WARN_UNDECLARED_SELECTOR = YES;
				GCC_WARN_UNINITIALIZED_AUTOS = YES_AGGRESSIVE;
				GCC_WARN_UNUSED_FUNCTION = YES;
				GCC_WARN_UNUSED_VARIABLE = YES;
				LOCALIZATION_PREFERS_STRING_CATALOGS = YES;
				MTL_ENABLE_DEBUG_INFO = NO;
				MTL_FAST_MATH = YES;
				SDKROOT = xros;
				SWIFT_COMPILATION_MODE = wholemodule;
				VALIDATE_PRODUCT = YES;
				XROS_DEPLOYMENT_TARGET = 1.2;
			};
			name = Release;
		};
		15FE2B1D2C1DA2770023AEAA /* Debug */ = {
			isa = XCBuildConfiguration;
			buildSettings = {
				ASSETCATALOG_COMPILER_APPICON_NAME = AppIcon;
				ASSETCATALOG_COMPILER_GLOBAL_ACCENT_COLOR_NAME = AccentColor;
				CODE_SIGN_STYLE = Automatic;
				CURRENT_PROJECT_VERSION = 1;
				DEVELOPMENT_ASSET_PATHS = "\"vision-os-learn/Preview Content\"";
				ENABLE_PREVIEWS = YES;
				GENERATE_INFOPLIST_FILE = YES;
				INFOPLIST_FILE = "$(TARGET_NAME)/Info.plist";
				LD_RUNPATH_SEARCH_PATHS = (
					"$(inherited)",
					"@executable_path/Frameworks",
				);
				MARKETING_VERSION = 1.0;
				PRODUCT_BUNDLE_IDENTIFIER = "com.swapnilxi.vision-os-learn";
				PRODUCT_NAME = "$(TARGET_NAME)";
				SUPPORTED_PLATFORMS = "xros xrsimulator";
				SWIFT_EMIT_LOC_STRINGS = YES;
				SWIFT_VERSION = 5.0;
				TARGETED_DEVICE_FAMILY = "1,2,7";
			};
			name = Debug;
		};
		15FE2B1E2C1DA2770023AEAA /* Release */ = {
			isa = XCBuildConfiguration;
			buildSettings = {
				ASSETCATALOG_COMPILER_APPICON_NAME = AppIcon;
				ASSETCATALOG_COMPILER_GLOBAL_ACCENT_COLOR_NAME = AccentColor;
				CODE_SIGN_STYLE = Automatic;
				CURRENT_PROJECT_VERSION = 1;
				DEVELOPMENT_ASSET_PATHS = "\"vision-os-learn/Preview Content\"";
				ENABLE_PREVIEWS = YES;
				GENERATE_INFOPLIST_FILE = YES;
				INFOPLIST_FILE = "$(TARGET_NAME)/Info.plist";
				LD_RUNPATH_SEARCH_PATHS = (
					"$(inherited)",
					"@executable_path/Frameworks",
				);
				MARKETING_VERSION = 1.0;
				PRODUCT_BUNDLE_IDENTIFIER = "com.swapnilxi.vision-os-learn";
				PRODUCT_NAME = "$(TARGET_NAME)";
				SUPPORTED_PLATFORMS = "xros xrsimulator";
				SWIFT_EMIT_LOC_STRINGS = YES;
				SWIFT_VERSION = 5.0;
				TARGETED_DEVICE_FAMILY = "1,2,7";
			};
			name = Release;
		};
/* End XCBuildConfiguration section */

/* Begin XCConfigurationList section */
		15FE2B002C1DA2760023AEAA /* Build configuration list for PBXProject "vision-os-learn" */ = {
			isa = XCConfigurationList;
			buildConfigurations = (
				15FE2B1A2C1DA2770023AEAA /* Debug */,
				15FE2B1B2C1DA2770023AEAA /* Release */,
			);
			defaultConfigurationIsVisible = 0;
			defaultConfigurationName = Release;
		};
		15FE2B1C2C1DA2770023AEAA /* Build configuration list for PBXNativeTarget "vision-os-learn" */ = {
			isa = XCConfigurationList;
			buildConfigurations = (
				15FE2B1D2C1DA2770023AEAA /* Debug */,
				15FE2B1E2C1DA2770023AEAA /* Release */,
			);
			defaultConfigurationIsVisible = 0;
			defaultConfigurationName = Release;
		};
/* End XCConfigurationList section */

/* Begin XCSwiftPackageProductDependency section */
		15FE2B0A2C1DA2760023AEAA /* RealityKitContent */ = {
			isa = XCSwiftPackageProductDependency;
			productName = RealityKitContent;
		};
/* End XCSwiftPackageProductDependency section */
	};
	rootObject = 15FE2AFD2C1DA2760023AEAA /* Project object */;
}
